<?xml version="1.0" encoding="utf-8"?>
<Project ToolsVersion="4.0" xmlns="http://schemas.microsoft.com/developer/msbuild/2003">
  <ItemGroup>
    <Filter Include="源文件">
      <UniqueIdentifier>{4FC737F1-C7A5-4376-A066-2A32D752A2FF}</UniqueIdentifier>
      <Extensions>cpp;c;cc;cxx;c++;cppm;ixx;def;odl;idl;hpj;bat;asm;asmx</Extensions>
    </Filter>
    <Filter Include="头文件">
      <UniqueIdentifier>{93995380-89BD-4b04-88EB-625FBE52EBFB}</UniqueIdentifier>
      <Extensions>h;hh;hpp;hxx;h++;hm;inl;inc;ipp;xsd</Extensions>
    </Filter>
    <Filter Include="资源文件">
      <UniqueIdentifier>{67DA6AB6-F800-4c08-8B7A-83BB121AAD01}</UniqueIdentifier>
      <Extensions>rc;ico;cur;bmp;dlg;rc2;rct;bin;rgs;gif;jpg;jpeg;jpe;resx;tiff;tif;png;wav;mfcribbon-ms</Extensions>
    </Filter>
    <Filter Include="Shader">
      <UniqueIdentifier>{11843d00-a2c4-4578-a3b0-7c289e699aad}</UniqueIdentifier>
    </Filter>
    <Filter Include="Basic Models">
      <UniqueIdentifier>{42d0583f-8c6a-42d8-a304-024e6420f5c1}</UniqueIdentifier>
    </Filter>
    <Filter Include="Basic Models\source">
      <UniqueIdentifier>{18f5953f-533e-4852-85ba-bc0859937979}</UniqueIdentifier>
    </Filter>
    <Filter Include="Basic Models\include">
      <UniqueIdentifier>{130379b3-8399-4a8e-b39a-572cf43f1439}</UniqueIdentifier>
    </Filter>
  </ItemGroup>
  <ItemGroup>
    <ClCompile Include="main.cpp">
      <Filter>源文件</Filter>
    </ClCompile>
    <ClCompile Include="base\application.cpp">
      <Filter>源文件</Filter>
    </ClCompile>
    <ClCompile Include="base\camera.cpp">
      <Filter>源文件</Filter>
    </ClCompile>
    <ClCompile Include="base\object3d.cpp">
      <Filter>源文件</Filter>
    </ClCompile>
    <ClCompile Include="base\shader.cpp">
      <Filter>源文件</Filter>
    </ClCompile>
    <ClCompile Include="base\mesh.cpp">
      <Filter>源文件</Filter>
    </ClCompile>
    <ClCompile Include="base\model.cpp">
      <Filter>源文件</Filter>
    </ClCompile>
    <ClCompile Include="base\skybox.cpp">
      <Filter>源文件</Filter>
    </ClCompile>
    <ClCompile Include="base\manualtexture.cpp">
      <Filter>源文件</Filter>
    </ClCompile>
    <ClCompile Include="base\world.cpp">
      <Filter>源文件</Filter>
    </ClCompile>
    <ClCompile Include="base\light.cpp">
      <Filter>源文件</Filter>
    </ClCompile>
    <ClCompile Include="basic_models\source\cube.cpp">
      <Filter>Basic Models\source</Filter>
    </ClCompile>
    <ClCompile Include="base\collision.cpp">
      <Filter>源文件</Filter>
    </ClCompile>
  </ItemGroup>
  <ItemGroup>
    <ClInclude Include="base\application.h">
      <Filter>头文件</Filter>
    </ClInclude>
    <ClInclude Include="base\camera.h">
      <Filter>头文件</Filter>
    </ClInclude>
    <ClInclude Include="base\input.h">
      <Filter>头文件</Filter>
    </ClInclude>
    <ClInclude Include="base\light.h">
      <Filter>头文件</Filter>
    </ClInclude>
    <ClInclude Include="base\object3d.h">
      <Filter>头文件</Filter>
    </ClInclude>
    <ClInclude Include="base\shader.h">
      <Filter>头文件</Filter>
    </ClInclude>
    <ClInclude Include="base\model.h">
      <Filter>头文件</Filter>
    </ClInclude>
    <ClInclude Include="base\mesh.h">
      <Filter>头文件</Filter>
    </ClInclude>
    <ClInclude Include="base\skybox.h">
      <Filter>头文件</Filter>
    </ClInclude>
    <ClInclude Include="base\manualtexture.h">
      <Filter>头文件</Filter>
    </ClInclude>
    <ClInclude Include="base\world.h">
      <Filter>头文件</Filter>
    </ClInclude>
    <ClInclude Include="basic_models\include\cube.h">
      <Filter>Basic Models\include</Filter>
    </ClInclude>
    <ClInclude Include="base\stb_image.h">
      <Filter>头文件</Filter>
    </ClInclude>
    <ClInclude Include="base\material.h">
      <Filter>头文件</Filter>
    </ClInclude>
    <ClInclude Include="base\collision.h">
      <Filter>头文件</Filter>
    </ClInclude>
  </ItemGroup>
  <ItemGroup>
    <Text Include="shader\default_frag_shader.frag">
      <Filter>Shader</Filter>
    </Text>
    <Text Include="shader\default_vertex_shader.vert">
      <Filter>Shader</Filter>
    </Text>
  </ItemGroup>
  <ItemGroup>
    <None Include="shader\sun_frag_shader.frag">
      <Filter>Shader</Filter>
    </None>
    <None Include="shader\sun_vertex_shader.vert">
      <Filter>Shader</Filter>
    </None>
    <None Include="shader\default_phong_frag_shader.frag">
      <Filter>Shader</Filter>
    </None>
    <None Include="shader\default_phong_vertex_shader.vert">
      <Filter>Shader</Filter>
    </None>
    <None Include="shader\basic_shader.vert">
      <Filter>Shader</Filter>
    </None>
    <None Include="shader\basic_shader.frag">
      <Filter>Shader</Filter>
    </None>
    <None Include="shader\bunny_shader.vert">
      <Filter>Shader</Filter>
    </None>
    <None Include="shader\bunny_shader.frag">
      <Filter>Shader</Filter>
    </None>
  </ItemGroup>
</Project>