<?xml version="1.0" encoding="utf-8"?>
<Project ToolsVersion="4.0" xmlns="http://schemas.microsoft.com/developer/msbuild/2003">
  <ItemGroup>
    <ClCompile Include="main.cpp" />
    <ClCompile Include="base\application.cpp">
      <Filter>Base\source</Filter>
    </ClCompile>
    <ClCompile Include="base\camera.cpp">
      <Filter>Base\source</Filter>
    </ClCompile>
    <ClCompile Include="base\collision.cpp">
      <Filter>Base\source</Filter>
    </ClCompile>
    <ClCompile Include="base\light.cpp">
      <Filter>Base\source</Filter>
    </ClCompile>
    <ClCompile Include="base\world.cpp">
      <Filter>Base\source</Filter>
    </ClCompile>
    <ClCompile Include="base\skybox.cpp">
      <Filter>Base\source</Filter>
    </ClCompile>
    <ClCompile Include="base\shader.cpp">
      <Filter>Base\source</Filter>
    </ClCompile>
    <ClCompile Include="base\object3d.cpp">
      <Filter>Base\source</Filter>
    </ClCompile>
    <ClCompile Include="base\model.cpp">
      <Filter>Base\source</Filter>
    </ClCompile>
    <ClCompile Include="base\mesh.cpp">
      <Filter>Base\source</Filter>
    </ClCompile>
    <ClCompile Include="base\manualtexture.cpp">
      <Filter>Base\source</Filter>
    </ClCompile>
    <ClCompile Include="basic_models\source\cone.cpp">
      <Filter>Basic_model\source</Filter>
    </ClCompile>
    <ClCompile Include="basic_models\source\cube.cpp">
      <Filter>Basic_model\source</Filter>
    </ClCompile>
    <ClCompile Include="basic_models\source\cylinder.cpp">
      <Filter>Basic_model\source</Filter>
    </ClCompile>
    <ClCompile Include="basic_models\source\prism.cpp">
      <Filter>Basic_model\source</Filter>
    </ClCompile>
    <ClCompile Include="basic_models\source\sphere.cpp">
      <Filter>Basic_model\source</Filter>
    </ClCompile>
    <ClCompile Include="basic_models\source\square_pyramid.cpp">
      <Filter>Basic_model\source</Filter>
    </ClCompile>
    <ClCompile Include="base\objmodel.cpp">
      <Filter>Base\source</Filter>
    </ClCompile>
    <ClCompile Include="maze.cpp">
      <Filter>Basic_model\source</Filter>
    </ClCompile>
  </ItemGroup>
  <ItemGroup>
    <ClInclude Include="base\collision.h">
      <Filter>Base\include</Filter>
    </ClInclude>
    <ClInclude Include="base\camera.h">
      <Filter>Base\include</Filter>
    </ClInclude>
    <ClInclude Include="base\application.h">
      <Filter>Base\include</Filter>
    </ClInclude>
    <ClInclude Include="base\input.h">
      <Filter>Base\include</Filter>
    </ClInclude>
    <ClInclude Include="base\light.h">
      <Filter>Base\include</Filter>
    </ClInclude>
    <ClInclude Include="base\stb_image.h">
      <Filter>External</Filter>
    </ClInclude>
    <ClInclude Include="base\manualtexture.h">
      <Filter>Base\include</Filter>
    </ClInclude>
    <ClInclude Include="base\material.h">
      <Filter>Base\include</Filter>
    </ClInclude>
    <ClInclude Include="base\mesh.h">
      <Filter>Base\include</Filter>
    </ClInclude>
    <ClInclude Include="base\model.h">
      <Filter>Base\include</Filter>
    </ClInclude>
    <ClInclude Include="base\object3d.h">
      <Filter>Base\include</Filter>
    </ClInclude>
    <ClInclude Include="base\shader.h">
      <Filter>Base\include</Filter>
    </ClInclude>
    <ClInclude Include="base\skybox.h">
      <Filter>Base\include</Filter>
    </ClInclude>
    <ClInclude Include="base\world.h">
      <Filter>Base\include</Filter>
    </ClInclude>
    <ClInclude Include="basic_models\include\cone.h">
      <Filter>Basic_model\include</Filter>
    </ClInclude>
    <ClInclude Include="basic_models\include\cube.h">
      <Filter>Basic_model\include</Filter>
    </ClInclude>
    <ClInclude Include="basic_models\include\cylinder.h">
      <Filter>Basic_model\include</Filter>
    </ClInclude>
    <ClInclude Include="basic_models\include\prism.h">
      <Filter>Basic_model\include</Filter>
    </ClInclude>
    <ClInclude Include="basic_models\include\sphere.h">
      <Filter>Basic_model\include</Filter>
    </ClInclude>
    <ClInclude Include="basic_models\include\square_pyramid.h">
      <Filter>Basic_model\include</Filter>
    </ClInclude>
    <ClInclude Include="base\objmodel.h">
      <Filter>Base\include</Filter>
    </ClInclude>
    <ClInclude Include="maze.h">
      <Filter>Basic_model\include</Filter>
    </ClInclude>
  </ItemGroup>
  <ItemGroup>
    <None Include="shader\bunny_shader.frag">
      <Filter>Shader\frag</Filter>
    </None>
    <None Include="shader\basic_shader.frag">
      <Filter>Shader\frag</Filter>
    </None>
    <None Include="shader\basic_shader.vert">
      <Filter>Shader\vertex</Filter>
    </None>
    <None Include="shader\bunny_shader.vert">
      <Filter>Shader\vertex</Filter>
    </None>
    <None Include="shader\nanosuit_shader.vert">
      <Filter>Shader\vertex</Filter>
    </None>
    <None Include="shader\nanosuit_shader.frag">
      <Filter>Shader\frag</Filter>
    </None>
    <None Include="shader\sun_frag_shader.frag">
      <Filter>Shader\frag</Filter>
    </None>
    <None Include="shader\sun_vertex_shader.vert">
      <Filter>Shader\vertex</Filter>
    </None>
    <None Include="shader\posture_shader.frag">
      <Filter>Shader\frag</Filter>
    </None>
    <None Include="shader\posture_shader.vert">
      <Filter>Shader\vertex</Filter>
    </None>
  </ItemGroup>
  <ItemGroup>
    <Filter Include="Shader">
      <UniqueIdentifier>{61e7bd3d-7c87-41a9-ba87-f52f3613fe54}</UniqueIdentifier>
    </Filter>
    <Filter Include="Shader\vertex">
      <UniqueIdentifier>{a8a0a5e2-6ed1-4edd-be9e-82db7ff16aa7}</UniqueIdentifier>
    </Filter>
    <Filter Include="Shader\frag">
      <UniqueIdentifier>{f8a58311-6c24-415d-89f5-efb798b0102f}</UniqueIdentifier>
    </Filter>
    <Filter Include="Base">
      <UniqueIdentifier>{37fc47b6-d75e-4ea6-b751-90f23ab10cd0}</UniqueIdentifier>
    </Filter>
    <Filter Include="Base\include">
      <UniqueIdentifier>{0464a2ff-bade-450e-83f0-ab08d29e181f}</UniqueIdentifier>
    </Filter>
    <Filter Include="Base\source">
      <UniqueIdentifier>{7b84e9a9-3543-41ab-8e2e-2abe12b6b592}</UniqueIdentifier>
    </Filter>
    <Filter Include="External">
      <UniqueIdentifier>{a7f155c6-34d9-4b2b-984b-9325ae9a75ea}</UniqueIdentifier>
    </Filter>
    <Filter Include="Basic_model">
      <UniqueIdentifier>{859ac0de-bd6d-43d0-aae3-506cf6448eb3}</UniqueIdentifier>
    </Filter>
    <Filter Include="Basic_model\include">
      <UniqueIdentifier>{a9623109-a844-4d5f-82da-b8aad9f7cf7c}</UniqueIdentifier>
    </Filter>
    <Filter Include="Basic_model\source">
      <UniqueIdentifier>{05caa011-6c5d-4a1d-9364-8d910a17d5ec}</UniqueIdentifier>
    </Filter>
  </ItemGroup>
</Project>